
Microsoft Visual Studio Solution File, Format Version 12.00
# Visual Studio Version 17
VisualStudioVersion = 17.2.32616.157
MinimumVisualStudioVersion = 10.0.40219.1
Project("{FAE04EC0-301F-11D3-BF4B-00C04F79EFBC}") = "KiemTra", "KiemTra\KiemTra.csproj", "{D3B244AE-052A-47F4-99C3-25FC6E9E0FCE}"
EndProject
Global
	GlobalSection(SolutionConfigurationPlatforms) = preSolution
		Debug|Any CPU = Debug|Any CPU
		Release|Any CPU = Release|Any CPU
	EndGlobalSection
	GlobalSection(ProjectConfigurationPlatforms) = postSolution
		{D3B244AE-052A-47F4-99C3-25FC6E9E0FCE}.Debug|Any CPU.ActiveCfg = Debug|Any CPU
		{D3B244AE-052A-47F4-99C3-25FC6E9E0FCE}.Debug|Any CPU.Build.0 = Debug|Any CPU
		{D3B244AE-052A-47F4-99C3-25FC6E9E0FCE}.Release|Any CPU.ActiveCfg = Release|Any CPU
		{D3B244AE-052A-47F4-99C3-25FC6E9E0FCE}.Release|Any CPU.Build.0 = Release|Any CPU
	EndGlobalSection
	GlobalSection(SolutionProperties) = preSolution
		HideSolutionNode = FALSE
	EndGlobalSection
	GlobalSection(ExtensibilityGlobals) = postSolution
		SolutionGuid = {795610BA-0FB2-4ED7-AB5E-FD9E7C01BD02}
	EndGlobalSection
EndGlobal
